
Microsoft Visual Studio Solution File, Format Version 12.00
# Visual Studio Version 16
VisualStudioVersion = 16.0.29215.179
MinimumVisualStudioVersion = 10.0.40219.1
Project("{FAE04EC0-301F-11D3-BF4B-00C04F79EFBC}") = "Wait Program", "Wait Program.csproj", "{B65BF371-13FF-4262-A467-A9F9D9EE9B6C}"
EndProject
Global
	GlobalSection(SolutionConfigurationPlatforms) = preSolution
		Debug|Any CPU = Debug|Any CPU
		Release|Any CPU = Release|Any CPU
	EndGlobalSection
	GlobalSection(ProjectConfigurationPlatforms) = postSolution
		{B65BF371-13FF-4262-A467-A9F9D9EE9B6C}.Debug|Any CPU.ActiveCfg = Debug|Any CPU
		{B65BF371-13FF-4262-A467-A9F9D9EE9B6C}.Debug|Any CPU.Build.0 = Debug|Any CPU
		{B65BF371-13FF-4262-A467-A9F9D9EE9B6C}.Release|Any CPU.ActiveCfg = Release|Any CPU
		{B65BF371-13FF-4262-A467-A9F9D9EE9B6C}.Release|Any CPU.Build.0 = Release|Any CPU
	EndGlobalSection
	GlobalSection(SolutionProperties) = preSolution
		HideSolutionNode = FALSE
	EndGlobalSection
	GlobalSection(ExtensibilityGlobals) = postSolution
		SolutionGuid = {65AAED70-CD1B-47C8-B5F4-3D75567E9D5D}
	EndGlobalSection
EndGlobal
